PODS:
  - FalconMetrics (0.4.0)
  - falconmetrics_flutter (0.5.0):
    - FalconMetrics (= 0.4.0)
    - Flutter
    - SwiftProtobuf (~> 1.27.0)
  - Flutter (1.0.0)
  - integration_test (0.0.1):
    - Flutter
  - SwiftProtobuf (1.27.1)

DEPENDENCIES:
  - falconmetrics_flutter (from `.symlinks/plugins/falconmetrics_flutter/ios`)
  - Flutter (from `Flutter`)
  - integration_test (from `.symlinks/plugins/integration_test/ios`)

SPEC REPOS:
  https://github.com/falconmetrics/falconmetrics-ios-pods.git:
    - FalconMetrics
  trunk:
    - SwiftProtobuf

EXTERNAL SOURCES:
  falconmetrics_flutter:
    :path: ".symlinks/plugins/falconmetrics_flutter/ios"
  Flutter:
    :path: Flutter
  integration_test:
    :path: ".symlinks/plugins/integration_test/ios"

SPEC CHECKSUMS:
  FalconMetrics: 67661bbd3733106ecae0fe41f7ed66a05195b83c
  falconmetrics_flutter: 29077edb765d54d7131df8850bdd1ffc3cee0496
  Flutter: e0871f40cf51350855a761d2e70bf5af5b9b5de7
  integration_test: 252f60fa39af5e17c3aa9899d35d908a0721b573
  SwiftProtobuf: b109bd17979d7993a84da14b1e1fdd8b0ded934a

PODFILE CHECKSUM: e268ddf99be6d8582c768678f9e9ef1b67c18d0d

COCOAPODS: 1.16.2
