PODS:
  - FalconMetrics (0.3.0)
  - falconmetrics_flutter (0.4.1):
    - FalconMetrics (= 0.3.0)
    - Flutter
    - SwiftProtobuf (~> 1.27.0)
  - Flutter (1.0.0)
  - integration_test (0.0.1):
    - Flutter
  - SwiftProtobuf (1.27.1)

DEPENDENCIES:
  - FalconMetrics (from `https://raw.githubusercontent.com/falconmetrics/falconmetrics-ios-spm/refs/tags/0.3.0/FalconMetrics.podspec`)
  - falconmetrics_flutter (from `.symlinks/plugins/falconmetrics_flutter/ios`)
  - Flutter (from `Flutter`)
  - integration_test (from `.symlinks/plugins/integration_test/ios`)
  - SwiftProtobuf (~> 1.27.0)

SPEC REPOS:
  trunk:
    - SwiftProtobuf

EXTERNAL SOURCES:
  FalconMetrics:
    :podspec: https://raw.githubusercontent.com/falconmetrics/falconmetrics-ios-spm/refs/tags/0.3.0/FalconMetrics.podspec
  falconmetrics_flutter:
    :path: ".symlinks/plugins/falconmetrics_flutter/ios"
  Flutter:
    :path: Flutter
  integration_test:
    :path: ".symlinks/plugins/integration_test/ios"

SPEC CHECKSUMS:
  FalconMetrics: fb2472bdf27744172a0b5bfbf62b9f25fe2a06d4
  falconmetrics_flutter: a76dd3c45b204b1a0c33eee606e21bfc1debb188
  Flutter: e0871f40cf51350855a761d2e70bf5af5b9b5de7
  integration_test: 252f60fa39af5e17c3aa9899d35d908a0721b573
  SwiftProtobuf: b109bd17979d7993a84da14b1e1fdd8b0ded934a

PODFILE CHECKSUM: c3a3993ef8f4fb305ac5fd839b34cbb245999b0d

COCOAPODS: 1.16.2
